// !$*UTF8*$!
{
	archiveVersion = 1;
	classes = {
	};
	objectVersion = 46;
	objects = {

/* Begin PBXBuildFile section */
		5AAC32611FF235F800D95FCE /* svm.h in Headers */ = {isa = PBXBuildFile; fileRef = 5AAC325F1FF235F800D95FCE /* svm.h */; };
		5AAC32621FF235F800D95FCE /* svm.h in Headers */ = {isa = PBXBuildFile; fileRef = 5AAC325F1FF235F800D95FCE /* svm.h */; };
		5AAC32631FF235F800D95FCE /* svm.cpp in Sources */ = {isa = PBXBuildFile; fileRef = 5AAC32601FF235F800D95FCE /* svm.cpp */; };
		5AAC32641FF235F800D95FCE /* svm.cpp in Sources */ = {isa = PBXBuildFile; fileRef = 5AAC32601FF235F800D95FCE /* svm.cpp */; };
		8905C6FB1986CDC5007C60B6 /* libXOPSupport.a in Frameworks */ = {isa = PBXBuildFile; fileRef = 8905C6FA1986CDC5007C60B6 /* libXOPSupport.a */; };
		8905C6FD1986CE86007C60B6 /* AudioToolbox.framework in Frameworks */ = {isa = PBXBuildFile; fileRef = 8905C6FC1986CE86007C60B6 /* AudioToolbox.framework */; };
		8905C7001986CF5C007C60B6 /* SVM_Prefix.pch in Headers */ = {isa = PBXBuildFile; fileRef = 32BAE0B30371A71500C91783 /* SVM_Prefix.pch */; };
		8905C7011986CF5C007C60B6 /* _SVM.h in Headers */ = {isa = PBXBuildFile; fileRef = 89A72A671090477B003AE340 /* _SVM.h */; };
		8905C7031986CF5C007C60B6 /* InfoPlist.strings in Resources */ = {isa = PBXBuildFile; fileRef = 089C167DFE841241C02AAC07 /* InfoPlist.strings */; };
		8905C7051986CF5C007C60B6 /* _SVM.cpp in Sources */ = {isa = PBXBuildFile; fileRef = AA53F5620587C7410055F2C1 /* _SVM.cpp */; };
		8905C7071986CF5C007C60B6 /* Carbon.framework in Frameworks */ = {isa = PBXBuildFile; fileRef = 08EA7FFBFE8413EDC02AAC07 /* Carbon.framework */; };
		8905C7091986CF5C007C60B6 /* AudioToolbox.framework in Frameworks */ = {isa = PBXBuildFile; fileRef = 8905C6FC1986CE86007C60B6 /* AudioToolbox.framework */; };
		8905C70B1986CF5C007C60B6 /* SVM.r in Rez */ = {isa = PBXBuildFile; fileRef = AA53F5630587C7410055F2C1 /* SVM.r */; };
		8905C7151986D0C1007C60B6 /* libXOPSupport64.a in Frameworks */ = {isa = PBXBuildFile; fileRef = 8905C7141986D0C1007C60B6 /* libXOPSupport64.a */; };
		893D595E1C330E96005CBDA1 /* Cocoa.framework in Frameworks */ = {isa = PBXBuildFile; fileRef = 893D595D1C330E96005CBDA1 /* Cocoa.framework */; };
		893D595F1C330E96005CBDA1 /* Cocoa.framework in Frameworks */ = {isa = PBXBuildFile; fileRef = 893D595D1C330E96005CBDA1 /* Cocoa.framework */; };
		89A72A681090477B003AE340 /* _SVM.h in Headers */ = {isa = PBXBuildFile; fileRef = 89A72A671090477B003AE340 /* _SVM.h */; };
		8D01CCC80486CAD60068D4B7 /* SVM_Prefix.pch in Headers */ = {isa = PBXBuildFile; fileRef = 32BAE0B30371A71500C91783 /* SVM_Prefix.pch */; };
		8D01CCCA0486CAD60068D4B7 /* InfoPlist.strings in Resources */ = {isa = PBXBuildFile; fileRef = 089C167DFE841241C02AAC07 /* InfoPlist.strings */; };
		8D01CCCE0486CAD60068D4B7 /* Carbon.framework in Frameworks */ = {isa = PBXBuildFile; fileRef = 08EA7FFBFE8413EDC02AAC07 /* Carbon.framework */; };
		AA53F5640587C7410055F2C1 /* _SVM.cpp in Sources */ = {isa = PBXBuildFile; fileRef = AA53F5620587C7410055F2C1 /* _SVM.cpp */; };
		AA53F5650587C7410055F2C1 /* SVM.r in Rez */ = {isa = PBXBuildFile; fileRef = AA53F5630587C7410055F2C1 /* SVM.r */; };
/* End PBXBuildFile section */

/* Begin PBXCopyFilesBuildPhase section */
		8905C70C1986CF5C007C60B6 /* CopyFiles */ = {
			isa = PBXCopyFilesBuildPhase;
			buildActionMask = 2147483647;
			dstPath = Contents;
			dstSubfolderSpec = 1;
			files = (
			);
			runOnlyForDeploymentPostprocessing = 0;
		};
		AA53F57A0587C83E0055F2C1 /* CopyFiles */ = {
			isa = PBXCopyFilesBuildPhase;
			buildActionMask = 2147483647;
			dstPath = Contents;
			dstSubfolderSpec = 1;
			files = (
			);
			runOnlyForDeploymentPostprocessing = 0;
		};
/* End PBXCopyFilesBuildPhase section */

/* Begin PBXFileReference section */
		089C167EFE841241C02AAC07 /* English */ = {isa = PBXFileReference; fileEncoding = 10; lastKnownFileType = text.plist.strings; name = English; path = English.lproj/InfoPlist.strings; sourceTree = "<group>"; };
		08EA7FFBFE8413EDC02AAC07 /* Carbon.framework */ = {isa = PBXFileReference; lastKnownFileType = wrapper.framework; name = Carbon.framework; path = /System/Library/Frameworks/Carbon.framework; sourceTree = "<absolute>"; };
		32BAE0B30371A71500C91783 /* SVM_Prefix.pch */ = {isa = PBXFileReference; fileEncoding = 4; lastKnownFileType = sourcecode.c.h; path = SVM_Prefix.pch; sourceTree = "<group>"; };
		5AAC325F1FF235F800D95FCE /* svm.h */ = {isa = PBXFileReference; fileEncoding = 4; lastKnownFileType = sourcecode.c.h; path = svm.h; sourceTree = "<group>"; };
		5AAC32601FF235F800D95FCE /* svm.cpp */ = {isa = PBXFileReference; fileEncoding = 4; lastKnownFileType = sourcecode.cpp.cpp; path = svm.cpp; sourceTree = "<group>"; };
		8905C6FA1986CDC5007C60B6 /* libXOPSupport.a */ = {isa = PBXFileReference; lastKnownFileType = archive.ar; name = libXOPSupport.a; path = ../../XOPSupport/Xcode/libXOPSupport.a; sourceTree = SOURCE_ROOT; };
		8905C6FC1986CE86007C60B6 /* AudioToolbox.framework */ = {isa = PBXFileReference; lastKnownFileType = wrapper.framework; name = AudioToolbox.framework; path = /System/Library/Frameworks/AudioToolbox.framework; sourceTree = "<absolute>"; };
		8905C7111986CF5C007C60B6 /* SVM64.xop */ = {isa = PBXFileReference; explicitFileType = wrapper.cfbundle; includeInIndex = 0; path = SVM64.xop; sourceTree = BUILT_PRODUCTS_DIR; };
		8905C7131986D076007C60B6 /* Info64.plist */ = {isa = PBXFileReference; lastKnownFileType = text.plist.xml; path = Info64.plist; sourceTree = SOURCE_ROOT; };
		8905C7141986D0C1007C60B6 /* libXOPSupport64.a */ = {isa = PBXFileReference; lastKnownFileType = archive.ar; name = libXOPSupport64.a; path = ../../XOPSupport/Xcode/libXOPSupport64.a; sourceTree = SOURCE_ROOT; };
		893D595D1C330E96005CBDA1 /* Cocoa.framework */ = {isa = PBXFileReference; lastKnownFileType = wrapper.framework; name = Cocoa.framework; path = /Work/XOPDev/IgorXOPs7/SVM/Xcode/../../../../../System/Library/Frameworks/Cocoa.framework; sourceTree = "<absolute>"; };
		89A72A671090477B003AE340 /* _SVM.h */ = {isa = PBXFileReference; fileEncoding = 4; lastKnownFileType = sourcecode.c.h; name = _SVM.h; path = ../_SVM.h; sourceTree = SOURCE_ROOT; };
		8D01CCD10486CAD60068D4B7 /* Info.plist */ = {isa = PBXFileReference; fileEncoding = 4; lastKnownFileType = text.plist; path = Info.plist; sourceTree = "<group>"; };
		8D01CCD20486CAD60068D4B7 /* SVM.xop */ = {isa = PBXFileReference; explicitFileType = wrapper.cfbundle; includeInIndex = 0; path = SVM.xop; sourceTree = BUILT_PRODUCTS_DIR; };
		AA53F5620587C7410055F2C1 /* _SVM.cpp */ = {isa = PBXFileReference; fileEncoding = 4; lastKnownFileType = sourcecode.cpp.cpp; name = _SVM.cpp; path = ../_SVM.cpp; sourceTree = SOURCE_ROOT; };
		AA53F5630587C7410055F2C1 /* SVM.r */ = {isa = PBXFileReference; fileEncoding = 30; lastKnownFileType = sourcecode.rez; name = SVM.r; path = ../SVM.r; sourceTree = SOURCE_ROOT; };
/* End PBXFileReference section */

/* Begin PBXFrameworksBuildPhase section */
		8905C7061986CF5C007C60B6 /* Frameworks */ = {
			isa = PBXFrameworksBuildPhase;
			buildActionMask = 2147483647;
			files = (
				893D595F1C330E96005CBDA1 /* Cocoa.framework in Frameworks */,
				8905C7071986CF5C007C60B6 /* Carbon.framework in Frameworks */,
				8905C7091986CF5C007C60B6 /* AudioToolbox.framework in Frameworks */,
				8905C7151986D0C1007C60B6 /* libXOPSupport64.a in Frameworks */,
			);
			runOnlyForDeploymentPostprocessing = 0;
		};
		8D01CCCD0486CAD60068D4B7 /* Frameworks */ = {
			isa = PBXFrameworksBuildPhase;
			buildActionMask = 2147483647;
			files = (
				893D595E1C330E96005CBDA1 /* Cocoa.framework in Frameworks */,
				8D01CCCE0486CAD60068D4B7 /* Carbon.framework in Frameworks */,
				8905C6FB1986CDC5007C60B6 /* libXOPSupport.a in Frameworks */,
				8905C6FD1986CE86007C60B6 /* AudioToolbox.framework in Frameworks */,
			);
			runOnlyForDeploymentPostprocessing = 0;
		};
/* End PBXFrameworksBuildPhase section */

/* Begin PBXGroup section */
		089C166AFE841209C02AAC07 /* SVM */ = {
			isa = PBXGroup;
			children = (
				08FB77ADFE841716C02AAC07 /* Source */,
				089C167CFE841241C02AAC07 /* Resources */,
				089C1671FE841209C02AAC07 /* External Frameworks and Libraries */,
				19C28FB4FE9D528D11CA2CBB /* Products */,
			);
			name = SVM;
			sourceTree = "<group>";
		};
		089C1671FE841209C02AAC07 /* External Frameworks and Libraries */ = {
			isa = PBXGroup;
			children = (
				893D595D1C330E96005CBDA1 /* Cocoa.framework */,
				08EA7FFBFE8413EDC02AAC07 /* Carbon.framework */,
				8905C6FC1986CE86007C60B6 /* AudioToolbox.framework */,
				8905C6FA1986CDC5007C60B6 /* libXOPSupport.a */,
				8905C7141986D0C1007C60B6 /* libXOPSupport64.a */,
			);
			name = "External Frameworks and Libraries";
			sourceTree = "<group>";
		};
		089C167CFE841241C02AAC07 /* Resources */ = {
			isa = PBXGroup;
			children = (
				AA53F5630587C7410055F2C1 /* SVM.r */,
				8D01CCD10486CAD60068D4B7 /* Info.plist */,
				8905C7131986D076007C60B6 /* Info64.plist */,
				089C167DFE841241C02AAC07 /* InfoPlist.strings */,
			);
			name = Resources;
			sourceTree = "<group>";
		};
		08FB77ADFE841716C02AAC07 /* Source */ = {
			isa = PBXGroup;
			children = (
				5AAC325E1FF235F800D95FCE /* libSVM */,
				32BAE0B30371A71500C91783 /* SVM_Prefix.pch */,
				89A72A671090477B003AE340 /* _SVM.h */,
				AA53F5620587C7410055F2C1 /* _SVM.cpp */,
			);
			name = Source;
			sourceTree = "<group>";
		};
		19C28FB4FE9D528D11CA2CBB /* Products */ = {
			isa = PBXGroup;
			children = (
				8D01CCD20486CAD60068D4B7 /* SVM.xop */,
				8905C7111986CF5C007C60B6 /* SVM64.xop */,
			);
			name = Products;
			sourceTree = "<group>";
		};
		5AAC325E1FF235F800D95FCE /* libSVM */ = {
			isa = PBXGroup;
			children = (
				5AAC325F1FF235F800D95FCE /* svm.h */,
				5AAC32601FF235F800D95FCE /* svm.cpp */,
			);
			name = libSVM;
			path = ../libSVM;
			sourceTree = "<group>";
		};
/* End PBXGroup section */

/* Begin PBXHeadersBuildPhase section */
		8905C6FF1986CF5C007C60B6 /* Headers */ = {
			isa = PBXHeadersBuildPhase;
			buildActionMask = 2147483647;
			files = (
				5AAC32621FF235F800D95FCE /* svm.h in Headers */,
				8905C7001986CF5C007C60B6 /* SVM_Prefix.pch in Headers */,
				8905C7011986CF5C007C60B6 /* _SVM.h in Headers */,
			);
			runOnlyForDeploymentPostprocessing = 0;
		};
		8D01CCC70486CAD60068D4B7 /* Headers */ = {
			isa = PBXHeadersBuildPhase;
			buildActionMask = 2147483647;
			files = (
				5AAC32611FF235F800D95FCE /* svm.h in Headers */,
				8D01CCC80486CAD60068D4B7 /* SVM_Prefix.pch in Headers */,
				89A72A681090477B003AE340 /* _SVM.h in Headers */,
			);
			runOnlyForDeploymentPostprocessing = 0;
		};
/* End PBXHeadersBuildPhase section */

/* Begin PBXNativeTarget section */
		8905C6FE1986CF5C007C60B6 /* SVM64 */ = {
			isa = PBXNativeTarget;
			buildConfigurationList = 8905C70D1986CF5C007C60B6 /* Build configuration list for PBXNativeTarget "SVM64" */;
			buildPhases = (
				8905C6FF1986CF5C007C60B6 /* Headers */,
				8905C7021986CF5C007C60B6 /* Resources */,
				8905C7041986CF5C007C60B6 /* Sources */,
				8905C7061986CF5C007C60B6 /* Frameworks */,
				8905C70A1986CF5C007C60B6 /* Rez */,
				8905C70C1986CF5C007C60B6 /* CopyFiles */,
			);
			buildRules = (
			);
			dependencies = (
			);
			name = SVM64;
			productInstallPath = "$(HOME)/Library/Bundles";
			productName = SVM;
			productReference = 8905C7111986CF5C007C60B6 /* SVM64.xop */;
			productType = "com.apple.product-type.bundle";
		};
		8D01CCC60486CAD60068D4B7 /* SVM */ = {
			isa = PBXNativeTarget;
			buildConfigurationList = 89CFE738093E73F4002BBDEE /* Build configuration list for PBXNativeTarget "SVM" */;
			buildPhases = (
				8D01CCC70486CAD60068D4B7 /* Headers */,
				8D01CCC90486CAD60068D4B7 /* Resources */,
				8D01CCCB0486CAD60068D4B7 /* Sources */,
				8D01CCCD0486CAD60068D4B7 /* Frameworks */,
				8D01CCCF0486CAD60068D4B7 /* Rez */,
				AA53F57A0587C83E0055F2C1 /* CopyFiles */,
			);
			buildRules = (
			);
			dependencies = (
			);
			name = SVM;
			productInstallPath = "$(HOME)/Library/Bundles";
			productName = SVM;
			productReference = 8D01CCD20486CAD60068D4B7 /* SVM.xop */;
			productType = "com.apple.product-type.bundle";
		};
/* End PBXNativeTarget section */

/* Begin PBXProject section */
		089C1669FE841209C02AAC07 /* Project object */ = {
			isa = PBXProject;
			attributes = {
				LastUpgradeCheck = 0620;
			};
			buildConfigurationList = 89CFE73C093E73F4002BBDEE /* Build configuration list for PBXProject "SVM" */;
			compatibilityVersion = "Xcode 3.2";
			developmentRegion = English;
			hasScannedForEncodings = 1;
			knownRegions = (
				English,
				Japanese,
				French,
				German,
			);
			mainGroup = 089C166AFE841209C02AAC07 /* SVM */;
			projectDirPath = "";
			projectRoot = "";
			targets = (
				8D01CCC60486CAD60068D4B7 /* SVM */,
				8905C6FE1986CF5C007C60B6 /* SVM64 */,
			);
		};
/* End PBXProject section */

/* Begin PBXResourcesBuildPhase section */
		8905C7021986CF5C007C60B6 /* Resources */ = {
			isa = PBXResourcesBuildPhase;
			buildActionMask = 2147483647;
			files = (
				8905C7031986CF5C007C60B6 /* InfoPlist.strings in Resources */,
			);
			runOnlyForDeploymentPostprocessing = 0;
		};
		8D01CCC90486CAD60068D4B7 /* Resources */ = {
			isa = PBXResourcesBuildPhase;
			buildActionMask = 2147483647;
			files = (
				8D01CCCA0486CAD60068D4B7 /* InfoPlist.strings in Resources */,
			);
			runOnlyForDeploymentPostprocessing = 0;
		};
/* End PBXResourcesBuildPhase section */

/* Begin PBXRezBuildPhase section */
		8905C70A1986CF5C007C60B6 /* Rez */ = {
			isa = PBXRezBuildPhase;
			buildActionMask = 2147483647;
			files = (
				8905C70B1986CF5C007C60B6 /* SVM.r in Rez */,
			);
			runOnlyForDeploymentPostprocessing = 0;
		};
		8D01CCCF0486CAD60068D4B7 /* Rez */ = {
			isa = PBXRezBuildPhase;
			buildActionMask = 2147483647;
			files = (
				AA53F5650587C7410055F2C1 /* SVM.r in Rez */,
			);
			runOnlyForDeploymentPostprocessing = 0;
		};
/* End PBXRezBuildPhase section */

/* Begin PBXSourcesBuildPhase section */
		8905C7041986CF5C007C60B6 /* Sources */ = {
			isa = PBXSourcesBuildPhase;
			buildActionMask = 2147483647;
			files = (
				5AAC32641FF235F800D95FCE /* svm.cpp in Sources */,
				8905C7051986CF5C007C60B6 /* _SVM.cpp in Sources */,
			);
			runOnlyForDeploymentPostprocessing = 0;
		};
		8D01CCCB0486CAD60068D4B7 /* Sources */ = {
			isa = PBXSourcesBuildPhase;
			buildActionMask = 2147483647;
			files = (
				5AAC32631FF235F800D95FCE /* svm.cpp in Sources */,
				AA53F5640587C7410055F2C1 /* _SVM.cpp in Sources */,
			);
			runOnlyForDeploymentPostprocessing = 0;
		};
/* End PBXSourcesBuildPhase section */

/* Begin PBXVariantGroup section */
		089C167DFE841241C02AAC07 /* InfoPlist.strings */ = {
			isa = PBXVariantGroup;
			children = (
				089C167EFE841241C02AAC07 /* English */,
			);
			name = InfoPlist.strings;
			sourceTree = "<group>";
		};
/* End PBXVariantGroup section */

/* Begin XCBuildConfiguration section */
		8905C70E1986CF5C007C60B6 /* Debug */ = {
			isa = XCBuildConfiguration;
			buildSettings = {
				ARCHS = "$(ARCHS_STANDARD_64_BIT)";
				CLANG_CXX_LIBRARY = "compiler-default";
				COMBINE_HIDPI_IMAGES = YES;
				COPY_PHASE_STRIP = NO;
				DEBUGGING_SYMBOLS = YES;
				EXPORTED_SYMBOLS_FILE = ./Exports.exp;
				FRAMEWORK_SEARCH_PATHS = "";
				GCC_DYNAMIC_NO_PIC = NO;
				GCC_ENABLE_TRIGRAPHS = NO;
				GCC_GENERATE_DEBUGGING_SYMBOLS = YES;
				GCC_OPTIMIZATION_LEVEL = 0;
				GCC_PRECOMPILE_PREFIX_HEADER = YES;
				GCC_PREFIX_HEADER = SVM_Prefix.pch;
				GCC_WARN_ABOUT_DEPRECATED_FUNCTIONS = NO;
				GCC_WARN_ABOUT_MISSING_PROTOTYPES = NO;
				GCC_WARN_FOUR_CHARACTER_CONSTANTS = NO;
				GCC_WARN_UNKNOWN_PRAGMAS = NO;
				GENERATE_PKGINFO = YES;
				HEADER_SEARCH_PATHS = ../../XOPSupport;
				INFOPLIST_FILE = Info64.plist;
				INSTALL_PATH = "$(HOME)/Library/Bundles";
				LIBRARY_SEARCH_PATHS = ../../XOPSupport/Xcode;
				LIBRARY_STYLE = Bundle;
				MACOSX_DEPLOYMENT_TARGET = 10.9;
				OTHER_CFLAGS = "";
				OTHER_LDFLAGS = "";
				OTHER_REZFLAGS = "-i ../../XOPSupport";
				PRODUCT_BUNDLE_IDENTIFIER = com.NTRC.xop.SVM64;
				PRODUCT_NAME = SVM64;
				SECTORDER_FLAGS = "";
				WARNING_CFLAGS = "-Wno-parentheses";
				WRAPPER_EXTENSION = xop;
				ZERO_LINK = NO;
			};
			name = Debug;
		};
		8905C70F1986CF5C007C60B6 /* Release */ = {
			isa = XCBuildConfiguration;
			buildSettings = {
				ARCHS = "$(ARCHS_STANDARD_64_BIT)";
				CLANG_CXX_LIBRARY = "compiler-default";
				COMBINE_HIDPI_IMAGES = YES;
				COPY_PHASE_STRIP = YES;
				EXPORTED_SYMBOLS_FILE = ./Exports.exp;
				FRAMEWORK_SEARCH_PATHS = "";
				GCC_ENABLE_TRIGRAPHS = NO;
				GCC_GENERATE_DEBUGGING_SYMBOLS = NO;
				GCC_PRECOMPILE_PREFIX_HEADER = YES;
				GCC_PREFIX_HEADER = SVM_Prefix.pch;
				GCC_WARN_ABOUT_DEPRECATED_FUNCTIONS = NO;
				GCC_WARN_ABOUT_MISSING_PROTOTYPES = NO;
				GCC_WARN_FOUR_CHARACTER_CONSTANTS = NO;
				GCC_WARN_UNKNOWN_PRAGMAS = NO;
				GENERATE_PKGINFO = YES;
				HEADER_SEARCH_PATHS = ../../XOPSupport;
				INFOPLIST_FILE = Info64.plist;
				INSTALL_PATH = "$(HOME)/Library/Bundles";
				LIBRARY_SEARCH_PATHS = ../../XOPSupport/Xcode;
				LIBRARY_STYLE = Bundle;
				MACOSX_DEPLOYMENT_TARGET = 10.9;
				OTHER_CFLAGS = "";
				OTHER_LDFLAGS = "";
				OTHER_REZFLAGS = "-i ../../XOPSupport";
				PRODUCT_BUNDLE_IDENTIFIER = com.NTRC.xop.SVM64;
				PRODUCT_NAME = SVM64;
				SECTORDER_FLAGS = "";
				WARNING_CFLAGS = "-Wno-parentheses";
				WRAPPER_EXTENSION = xop;
				ZERO_LINK = NO;
			};
			name = Release;
		};
		8905C7101986CF5C007C60B6 /* Default */ = {
			isa = XCBuildConfiguration;
			buildSettings = {
				ARCHS = "$(ARCHS_STANDARD_64_BIT)";
				CLANG_CXX_LIBRARY = "compiler-default";
				COMBINE_HIDPI_IMAGES = YES;
				EXPORTED_SYMBOLS_FILE = ./Exports.exp;
				FRAMEWORK_SEARCH_PATHS = "";
				GCC_ENABLE_TRIGRAPHS = NO;
				GCC_GENERATE_DEBUGGING_SYMBOLS = NO;
				GCC_PRECOMPILE_PREFIX_HEADER = YES;
				GCC_PREFIX_HEADER = SVM_Prefix.pch;
				GCC_WARN_ABOUT_DEPRECATED_FUNCTIONS = NO;
				GCC_WARN_ABOUT_MISSING_PROTOTYPES = NO;
				GCC_WARN_FOUR_CHARACTER_CONSTANTS = NO;
				GCC_WARN_UNKNOWN_PRAGMAS = NO;
				GENERATE_PKGINFO = YES;
				HEADER_SEARCH_PATHS = ../../XOPSupport;
				INFOPLIST_FILE = Info64.plist;
				INSTALL_PATH = "$(HOME)/Library/Bundles";
				LIBRARY_SEARCH_PATHS = ../../XOPSupport/Xcode;
				LIBRARY_STYLE = Bundle;
				MACOSX_DEPLOYMENT_TARGET = 10.9;
				OTHER_CFLAGS = "";
				OTHER_LDFLAGS = "";
				OTHER_REZFLAGS = "-i ../../XOPSupport";
				PRODUCT_BUNDLE_IDENTIFIER = com.NTRC.xop.SVM64;
				PRODUCT_NAME = SVM64;
				SECTORDER_FLAGS = "";
				WARNING_CFLAGS = "-Wno-parentheses";
				WRAPPER_EXTENSION = xop;
				ZERO_LINK = NO;
			};
			name = Default;
		};
		89CFE739093E73F4002BBDEE /* Debug */ = {
			isa = XCBuildConfiguration;
			buildSettings = {
				ARCHS = "$(ARCHS_STANDARD_32_BIT)";
				COMBINE_HIDPI_IMAGES = YES;
				COPY_PHASE_STRIP = NO;
				DEBUGGING_SYMBOLS = YES;
				EXPORTED_SYMBOLS_FILE = ./Exports.exp;
				FRAMEWORK_SEARCH_PATHS = "";
				GCC_DYNAMIC_NO_PIC = NO;
				GCC_ENABLE_TRIGRAPHS = NO;
				GCC_GENERATE_DEBUGGING_SYMBOLS = YES;
				GCC_OPTIMIZATION_LEVEL = 0;
				GCC_PRECOMPILE_PREFIX_HEADER = YES;
				GCC_PREFIX_HEADER = SVM_Prefix.pch;
				GCC_WARN_ABOUT_DEPRECATED_FUNCTIONS = NO;
				GCC_WARN_ABOUT_MISSING_PROTOTYPES = NO;
				GCC_WARN_FOUR_CHARACTER_CONSTANTS = NO;
				GCC_WARN_UNKNOWN_PRAGMAS = NO;
				GENERATE_PKGINFO = YES;
				HEADER_SEARCH_PATHS = ../../XOPSupport;
				INFOPLIST_FILE = Info.plist;
				INSTALL_PATH = "$(HOME)/Library/Bundles";
				LIBRARY_SEARCH_PATHS = ../../XOPSupport/Xcode;
				LIBRARY_STYLE = Bundle;
				MACOSX_DEPLOYMENT_TARGET = 10.9;
				OTHER_CFLAGS = "";
				OTHER_LDFLAGS = "";
				OTHER_REZFLAGS = "-i ../../XOPSupport";
				PRODUCT_BUNDLE_IDENTIFIER = com.NTRC.xop.SVM;
				PRODUCT_NAME = SVM;
				SECTORDER_FLAGS = "";
				WARNING_CFLAGS = "-Wno-parentheses";
				WRAPPER_EXTENSION = xop;
				ZERO_LINK = NO;
			};
			name = Debug;
		};
		89CFE73A093E73F4002BBDEE /* Release */ = {
			isa = XCBuildConfiguration;
			buildSettings = {
				ARCHS = "$(ARCHS_STANDARD_32_BIT)";
				COMBINE_HIDPI_IMAGES = YES;
				COPY_PHASE_STRIP = YES;
				EXPORTED_SYMBOLS_FILE = ./Exports.exp;
				FRAMEWORK_SEARCH_PATHS = "";
				GCC_ENABLE_TRIGRAPHS = NO;
				GCC_GENERATE_DEBUGGING_SYMBOLS = NO;
				GCC_PRECOMPILE_PREFIX_HEADER = YES;
				GCC_PREFIX_HEADER = SVM_Prefix.pch;
				GCC_WARN_ABOUT_DEPRECATED_FUNCTIONS = NO;
				GCC_WARN_ABOUT_MISSING_PROTOTYPES = NO;
				GCC_WARN_FOUR_CHARACTER_CONSTANTS = NO;
				GCC_WARN_UNKNOWN_PRAGMAS = NO;
				GENERATE_PKGINFO = YES;
				HEADER_SEARCH_PATHS = ../../XOPSupport;
				INFOPLIST_FILE = Info.plist;
				INSTALL_PATH = "$(HOME)/Library/Bundles";
				LIBRARY_SEARCH_PATHS = ../../XOPSupport/Xcode;
				LIBRARY_STYLE = Bundle;
				MACOSX_DEPLOYMENT_TARGET = 10.9;
				OTHER_CFLAGS = "";
				OTHER_LDFLAGS = "";
				OTHER_REZFLAGS = "-i ../../XOPSupport";
				PRODUCT_BUNDLE_IDENTIFIER = com.NTRC.xop.SVM;
				PRODUCT_NAME = SVM;
				SECTORDER_FLAGS = "";
				WARNING_CFLAGS = "-Wno-parentheses";
				WRAPPER_EXTENSION = xop;
				ZERO_LINK = NO;
			};
			name = Release;
		};
		89CFE73B093E73F4002BBDEE /* Default */ = {
			isa = XCBuildConfiguration;
			buildSettings = {
				ARCHS = "$(ARCHS_STANDARD_32_BIT)";
				COMBINE_HIDPI_IMAGES = YES;
				EXPORTED_SYMBOLS_FILE = ./Exports.exp;
				FRAMEWORK_SEARCH_PATHS = "";
				GCC_ENABLE_TRIGRAPHS = NO;
				GCC_GENERATE_DEBUGGING_SYMBOLS = NO;
				GCC_PRECOMPILE_PREFIX_HEADER = YES;
				GCC_PREFIX_HEADER = SVM_Prefix.pch;
				GCC_WARN_ABOUT_DEPRECATED_FUNCTIONS = NO;
				GCC_WARN_ABOUT_MISSING_PROTOTYPES = NO;
				GCC_WARN_FOUR_CHARACTER_CONSTANTS = NO;
				GCC_WARN_UNKNOWN_PRAGMAS = NO;
				GENERATE_PKGINFO = YES;
				HEADER_SEARCH_PATHS = ../../XOPSupport;
				INFOPLIST_FILE = Info.plist;
				INSTALL_PATH = "$(HOME)/Library/Bundles";
				LIBRARY_SEARCH_PATHS = ../../XOPSupport/Xcode;
				LIBRARY_STYLE = Bundle;
				MACOSX_DEPLOYMENT_TARGET = 10.9;
				OTHER_CFLAGS = "";
				OTHER_LDFLAGS = "";
				OTHER_REZFLAGS = "-i ../../XOPSupport";
				PRODUCT_BUNDLE_IDENTIFIER = com.NTRC.xop.SVM;
				PRODUCT_NAME = SVM;
				SECTORDER_FLAGS = "";
				WARNING_CFLAGS = "-Wno-parentheses";
				WRAPPER_EXTENSION = xop;
				ZERO_LINK = NO;
			};
			name = Default;
		};
		89CFE73D093E73F4002BBDEE /* Debug */ = {
			isa = XCBuildConfiguration;
			buildSettings = {
				ARCHS = "$(ARCHS_STANDARD_32_BIT)";
				GCC_VERSION = "";
				MACOSX_DEPLOYMENT_TARGET = 10.7;
				SDKROOT = macosx;
			};
			name = Debug;
		};
		89CFE73E093E73F4002BBDEE /* Release */ = {
			isa = XCBuildConfiguration;
			buildSettings = {
				ARCHS = "$(ARCHS_STANDARD_32_BIT)";
				GCC_VERSION = "";
				MACOSX_DEPLOYMENT_TARGET = 10.7;
				SDKROOT = macosx;
			};
			name = Release;
		};
		89CFE73F093E73F4002BBDEE /* Default */ = {
			isa = XCBuildConfiguration;
			buildSettings = {
				ARCHS = "$(ARCHS_STANDARD_32_BIT)";
				GCC_VERSION = "";
				MACOSX_DEPLOYMENT_TARGET = 10.7;
				SDKROOT = macosx;
			};
			name = Default;
		};
/* End XCBuildConfiguration section */

/* Begin XCConfigurationList section */
		8905C70D1986CF5C007C60B6 /* Build configuration list for PBXNativeTarget "SVM64" */ = {
			isa = XCConfigurationList;
			buildConfigurations = (
				8905C70E1986CF5C007C60B6 /* Debug */,
				8905C70F1986CF5C007C60B6 /* Release */,
				8905C7101986CF5C007C60B6 /* Default */,
			);
			defaultConfigurationIsVisible = 0;
			defaultConfigurationName = Default;
		};
		89CFE738093E73F4002BBDEE /* Build configuration list for PBXNativeTarget "SVM" */ = {
			isa = XCConfigurationList;
			buildConfigurations = (
				89CFE739093E73F4002BBDEE /* Debug */,
				89CFE73A093E73F4002BBDEE /* Release */,
				89CFE73B093E73F4002BBDEE /* Default */,
			);
			defaultConfigurationIsVisible = 0;
			defaultConfigurationName = Default;
		};
		89CFE73C093E73F4002BBDEE /* Build configuration list for PBXProject "SVM" */ = {
			isa = XCConfigurationList;
			buildConfigurations = (
				89CFE73D093E73F4002BBDEE /* Debug */,
				89CFE73E093E73F4002BBDEE /* Release */,
				89CFE73F093E73F4002BBDEE /* Default */,
			);
			defaultConfigurationIsVisible = 0;
			defaultConfigurationName = Default;
		};
/* End XCConfigurationList section */
	};
	rootObject = 089C1669FE841209C02AAC07 /* Project object */;
}
